PODS:
  - Crashlytics (3.8.3):
    - Fabric (~> 1.6.3)
  - Fabric (1.6.11)
  - PasswordTextField (1.0.4)
  - Stripe (9.2.0)

DEPENDENCIES:
  - Crashlytics
  - Fabric
  - PasswordTextField
  - Stripe

SPEC CHECKSUMS:
  Crashlytics: 2b6dbe138a42395577cfa73dfa1aa7248cadf39e
  Fabric: 5911403591946b8228ab1c51d98f1d7137e863c6
  PasswordTextField: 1fccb24dd769cfc963f1f60cb9fece692ad40530
  Stripe: a47770e82db059d0e7e160f9aabc2997055ee911

PODFILE CHECKSUM: 9d9780aff5e229efbc7eaccab05666b8a63d53d6

COCOAPODS: 1.1.1
